// !$*UTF8*$!
{
	archiveVersion = 1;
	classes = {
	};
	objectVersion = 46;
	objects = {

/* Begin PBXBuildFile section */
		4012012A1AAB6A5200AFC69A /* TAUserData.swift in Sources */ = {isa = PBXBuildFile; fileRef = 401201291AAB6A5200AFC69A /* TAUserData.swift */; };
		40687E4E1A98E021005673D1 /* AppDelegate.swift in Sources */ = {isa = PBXBuildFile; fileRef = 40687E4D1A98E021005673D1 /* AppDelegate.swift */; };
		40687E501A98E021005673D1 /* ViewController.swift in Sources */ = {isa = PBXBuildFile; fileRef = 40687E4F1A98E021005673D1 /* ViewController.swift */; };
		40687E551A98E021005673D1 /* Images.xcassets in Resources */ = {isa = PBXBuildFile; fileRef = 40687E541A98E021005673D1 /* Images.xcassets */; };
		40687E581A98E021005673D1 /* LaunchScreen.xib in Resources */ = {isa = PBXBuildFile; fileRef = 40687E561A98E021005673D1 /* LaunchScreen.xib */; };
		40687E641A98E021005673D1 /* ThreeActionsTests.swift in Sources */ = {isa = PBXBuildFile; fileRef = 40687E631A98E021005673D1 /* ThreeActionsTests.swift */; };
		40687E6F1A98E06D005673D1 /* ParseReq.m in Sources */ = {isa = PBXBuildFile; fileRef = 40687E6E1A98E06D005673D1 /* ParseReq.m */; };
		40687E761A98E2FA005673D1 /* Bolts.framework in Frameworks */ = {isa = PBXBuildFile; fileRef = 40687E711A98E2FA005673D1 /* Bolts.framework */; };
		40687E771A98E2FA005673D1 /* Parse.framework in Frameworks */ = {isa = PBXBuildFile; fileRef = 40687E721A98E2FA005673D1 /* Parse.framework */; };
		40687E781A98E2FA005673D1 /* ParseCrashReporting.framework in Frameworks */ = {isa = PBXBuildFile; fileRef = 40687E731A98E2FA005673D1 /* ParseCrashReporting.framework */; };
		40687E791A98E2FA005673D1 /* ParseFacebookUtils.framework in Frameworks */ = {isa = PBXBuildFile; fileRef = 40687E741A98E2FA005673D1 /* ParseFacebookUtils.framework */; };
		40687E7A1A98E2FA005673D1 /* ParseUI.framework in Frameworks */ = {isa = PBXBuildFile; fileRef = 40687E751A98E2FA005673D1 /* ParseUI.framework */; };
		40687E7C1A98E34D005673D1 /* AudioToolbox.framework in Frameworks */ = {isa = PBXBuildFile; fileRef = 40687E7B1A98E34D005673D1 /* AudioToolbox.framework */; };
		40687E7E1A98E354005673D1 /* CFNetwork.framework in Frameworks */ = {isa = PBXBuildFile; fileRef = 40687E7D1A98E354005673D1 /* CFNetwork.framework */; };
		40687E801A98E35E005673D1 /* CoreGraphics.framework in Frameworks */ = {isa = PBXBuildFile; fileRef = 40687E7F1A98E35E005673D1 /* CoreGraphics.framework */; };
		40687E821A98E362005673D1 /* CoreLocation.framework in Frameworks */ = {isa = PBXBuildFile; fileRef = 40687E811A98E362005673D1 /* CoreLocation.framework */; };
		40687E841A98E36C005673D1 /* MobileCoreServices.framework in Frameworks */ = {isa = PBXBuildFile; fileRef = 40687E831A98E36C005673D1 /* MobileCoreServices.framework */; };
		40687E861A98E372005673D1 /* QuartzCore.framework in Frameworks */ = {isa = PBXBuildFile; fileRef = 40687E851A98E372005673D1 /* QuartzCore.framework */; };
		40687E881A98E37C005673D1 /* Security.framework in Frameworks */ = {isa = PBXBuildFile; fileRef = 40687E871A98E37C005673D1 /* Security.framework */; };
		40687E8A1A98E381005673D1 /* StoreKit.framework in Frameworks */ = {isa = PBXBuildFile; fileRef = 40687E891A98E381005673D1 /* StoreKit.framework */; };
		40687E8C1A98E38F005673D1 /* SystemConfiguration.framework in Frameworks */ = {isa = PBXBuildFile; fileRef = 40687E8B1A98E38F005673D1 /* SystemConfiguration.framework */; };
		40687E8E1A98E397005673D1 /* libz.dylib in Frameworks */ = {isa = PBXBuildFile; fileRef = 40687E8D1A98E397005673D1 /* libz.dylib */; };
		40687E901A98E3A5005673D1 /* libsqlite3.dylib in Frameworks */ = {isa = PBXBuildFile; fileRef = 40687E8F1A98E3A5005673D1 /* libsqlite3.dylib */; };
		40687E921A98E7B7005673D1 /* ResponseDictionary.swift in Sources */ = {isa = PBXBuildFile; fileRef = 40687E911A98E7B7005673D1 /* ResponseDictionary.swift */; };
		40827F901ABD020E00118EC8 /* SingleActionViewController.swift in Sources */ = {isa = PBXBuildFile; fileRef = 40827F8F1ABD020E00118EC8 /* SingleActionViewController.swift */; };
		4085A63E1AA15EDF00B59E99 /* ActionsTodayViewController.swift in Sources */ = {isa = PBXBuildFile; fileRef = 4085A63D1AA15EDF00B59E99 /* ActionsTodayViewController.swift */; };
		4085A6401AA170D700B59E99 /* ExternalAnimations.swift in Sources */ = {isa = PBXBuildFile; fileRef = 4085A63F1AA170D700B59E99 /* ExternalAnimations.swift */; };
		4085A6421AA2350600B59E99 /* UserData.swift in Sources */ = {isa = PBXBuildFile; fileRef = 4085A6411AA2350600B59E99 /* UserData.swift */; };
		4085A6761AA2948A00B59E99 /* AddActionViewController.swift in Sources */ = {isa = PBXBuildFile; fileRef = 4085A6751AA2948A00B59E99 /* AddActionViewController.swift */; };
		4085A6781AA2A18600B59E99 /* NetworkViewController.swift in Sources */ = {isa = PBXBuildFile; fileRef = 4085A6771AA2A18600B59E99 /* NetworkViewController.swift */; };
		40AE07841AB7D797008FAAB7 /* Snap.framework in Frameworks */ = {isa = PBXBuildFile; fileRef = 40AE07811AB7D75B008FAAB7 /* Snap.framework */; };
		40AE07851AB7D797008FAAB7 /* Snap.framework in Embed Frameworks */ = {isa = PBXBuildFile; fileRef = 40AE07811AB7D75B008FAAB7 /* Snap.framework */; settings = {ATTRIBUTES = (CodeSignOnCopy, RemoveHeadersOnCopy, ); }; };
		40B88BC91A991297008F7B5B /* Colors.swift in Sources */ = {isa = PBXBuildFile; fileRef = 40B88BC81A991297008F7B5B /* Colors.swift */; };
		40B88BCD1A9976C7008F7B5B /* CreateAccountViewController.swift in Sources */ = {isa = PBXBuildFile; fileRef = 40B88BCC1A9976C7008F7B5B /* CreateAccountViewController.swift */; };
		40B88BCF1A997CEF008F7B5B /* UIExtentions.swift in Sources */ = {isa = PBXBuildFile; fileRef = 40B88BCE1A997CEF008F7B5B /* UIExtentions.swift */; };
		40B88BD11A998917008F7B5B /* LoginAccountViewController.swift in Sources */ = {isa = PBXBuildFile; fileRef = 40B88BD01A998917008F7B5B /* LoginAccountViewController.swift */; };
		40BD44041AB7B7EF0048A170 /* Align.swift in Sources */ = {isa = PBXBuildFile; fileRef = 40BD43EE1AB7B7EF0048A170 /* Align.swift */; };
		40BD44051AB7B7EF0048A170 /* Coefficients.swift in Sources */ = {isa = PBXBuildFile; fileRef = 40BD43F01AB7B7EF0048A170 /* Coefficients.swift */; };
		40BD44061AB7B7EF0048A170 /* Compound.swift in Sources */ = {isa = PBXBuildFile; fileRef = 40BD43F11AB7B7EF0048A170 /* Compound.swift */; };
		40BD44071AB7B7EF0048A170 /* Constraint.swift in Sources */ = {isa = PBXBuildFile; fileRef = 40BD43F21AB7B7EF0048A170 /* Constraint.swift */; };
		40BD44081AB7B7EF0048A170 /* ConstraintGroup.swift in Sources */ = {isa = PBXBuildFile; fileRef = 40BD43F31AB7B7EF0048A170 /* ConstraintGroup.swift */; };
		40BD44091AB7B7EF0048A170 /* Context.swift in Sources */ = {isa = PBXBuildFile; fileRef = 40BD43F41AB7B7EF0048A170 /* Context.swift */; };
		40BD440A1AB7B7EF0048A170 /* Dimension.swift in Sources */ = {isa = PBXBuildFile; fileRef = 40BD43F51AB7B7EF0048A170 /* Dimension.swift */; };
		40BD440B1AB7B7EF0048A170 /* Distribute.swift in Sources */ = {isa = PBXBuildFile; fileRef = 40BD43F61AB7B7EF0048A170 /* Distribute.swift */; };
		40BD440C1AB7B7EF0048A170 /* Edge.swift in Sources */ = {isa = PBXBuildFile; fileRef = 40BD43F71AB7B7EF0048A170 /* Edge.swift */; };
		40BD440D1AB7B7EF0048A170 /* Edges.swift in Sources */ = {isa = PBXBuildFile; fileRef = 40BD43F81AB7B7EF0048A170 /* Edges.swift */; };
		40BD440E1AB7B7EF0048A170 /* Expression.swift in Sources */ = {isa = PBXBuildFile; fileRef = 40BD43F91AB7B7EF0048A170 /* Expression.swift */; };
		40BD440F1AB7B7EF0048A170 /* Extensions.swift in Sources */ = {isa = PBXBuildFile; fileRef = 40BD43FA1AB7B7EF0048A170 /* Extensions.swift */; };
		40BD44101AB7B7EF0048A170 /* Info.plist in Resources */ = {isa = PBXBuildFile; fileRef = 40BD43FB1AB7B7EF0048A170 /* Info.plist */; };
		40BD44111AB7B7EF0048A170 /* Layout.swift in Sources */ = {isa = PBXBuildFile; fileRef = 40BD43FC1AB7B7EF0048A170 /* Layout.swift */; };
		40BD44121AB7B7EF0048A170 /* LayoutProxy.swift in Sources */ = {isa = PBXBuildFile; fileRef = 40BD43FD1AB7B7EF0048A170 /* LayoutProxy.swift */; };
		40BD44131AB7B7EF0048A170 /* Point.swift in Sources */ = {isa = PBXBuildFile; fileRef = 40BD43FE1AB7B7EF0048A170 /* Point.swift */; };
		40BD44141AB7B7EF0048A170 /* Priority.swift in Sources */ = {isa = PBXBuildFile; fileRef = 40BD43FF1AB7B7EF0048A170 /* Priority.swift */; };
		40BD44151AB7B7EF0048A170 /* Property.swift in Sources */ = {isa = PBXBuildFile; fileRef = 40BD44001AB7B7EF0048A170 /* Property.swift */; };
		40BD44161AB7B7EF0048A170 /* Size.swift in Sources */ = {isa = PBXBuildFile; fileRef = 40BD44011AB7B7EF0048A170 /* Size.swift */; };
		40BD44171AB7B7EF0048A170 /* View.swift in Sources */ = {isa = PBXBuildFile; fileRef = 40BD44021AB7B7EF0048A170 /* View.swift */; };
		40BD44181AB7B7EF0048A170 /* ViewUtils.swift in Sources */ = {isa = PBXBuildFile; fileRef = 40BD44031AB7B7EF0048A170 /* ViewUtils.swift */; };
		40C89F4D1A9C1FD3008F0601 /* ThreeActionsViewController.swift in Sources */ = {isa = PBXBuildFile; fileRef = 40C89F4C1A9C1FD3008F0601 /* ThreeActionsViewController.swift */; };
		40C89F501A9C2A92008F0601 /* Main.storyboard in Resources */ = {isa = PBXBuildFile; fileRef = 40C89F4E1A9C2A92008F0601 /* Main.storyboard */; };
/* End PBXBuildFile section */

/* Begin PBXContainerItemProxy section */
		40687E5E1A98E021005673D1 /* PBXContainerItemProxy */ = {
			isa = PBXContainerItemProxy;
			containerPortal = 40687E401A98E021005673D1 /* Project object */;
			proxyType = 1;
			remoteGlobalIDString = 40687E471A98E021005673D1;
			remoteInfo = ThreeActions;
		};
		40AE07801AB7D75B008FAAB7 /* PBXContainerItemProxy */ = {
			isa = PBXContainerItemProxy;
			containerPortal = 40AE077B1AB7D75B008FAAB7 /* Snap.xcodeproj */;
			proxyType = 2;
			remoteGlobalIDString = EEBCC9D819CC627D0083B827;
			remoteInfo = Snap;
		};
		40AE07821AB7D75B008FAAB7 /* PBXContainerItemProxy */ = {
			isa = PBXContainerItemProxy;
			containerPortal = 40AE077B1AB7D75B008FAAB7 /* Snap.xcodeproj */;
			proxyType = 2;
			remoteGlobalIDString = EEBCC9E219CC627E0083B827;
			remoteInfo = SnapTests;
		};
		40AE07861AB7D797008FAAB7 /* PBXContainerItemProxy */ = {
			isa = PBXContainerItemProxy;
			containerPortal = 40AE077B1AB7D75B008FAAB7 /* Snap.xcodeproj */;
			proxyType = 1;
			remoteGlobalIDString = EEBCC9D719CC627D0083B827;
			remoteInfo = Snap;
		};
/* End PBXContainerItemProxy section */

/* Begin PBXCopyFilesBuildPhase section */
		40AE07881AB7D797008FAAB7 /* Embed Frameworks */ = {
			isa = PBXCopyFilesBuildPhase;
			buildActionMask = 2147483647;
			dstPath = "";
			dstSubfolderSpec = 10;
			files = (
				40AE07851AB7D797008FAAB7 /* Snap.framework in Embed Frameworks */,
			);
			name = "Embed Frameworks";
			runOnlyForDeploymentPostprocessing = 0;
		};
/* End PBXCopyFilesBuildPhase section */

/* Begin PBXFileReference section */
		401201291AAB6A5200AFC69A /* TAUserData.swift */ = {isa = PBXFileReference; fileEncoding = 4; lastKnownFileType = sourcecode.swift; path = TAUserData.swift; sourceTree = "<group>"; };
		40687E481A98E021005673D1 /* ThreeActions.app */ = {isa = PBXFileReference; explicitFileType = wrapper.application; includeInIndex = 0; path = ThreeActions.app; sourceTree = BUILT_PRODUCTS_DIR; };
		40687E4C1A98E021005673D1 /* Info.plist */ = {isa = PBXFileReference; lastKnownFileType = text.plist.xml; path = Info.plist; sourceTree = "<group>"; };
		40687E4D1A98E021005673D1 /* AppDelegate.swift */ = {isa = PBXFileReference; lastKnownFileType = sourcecode.swift; path = AppDelegate.swift; sourceTree = "<group>"; };
		40687E4F1A98E021005673D1 /* ViewController.swift */ = {isa = PBXFileReference; lastKnownFileType = sourcecode.swift; path = ViewController.swift; sourceTree = "<group>"; };
		40687E541A98E021005673D1 /* Images.xcassets */ = {isa = PBXFileReference; lastKnownFileType = folder.assetcatalog; path = Images.xcassets; sourceTree = "<group>"; };
		40687E571A98E021005673D1 /* Base */ = {isa = PBXFileReference; lastKnownFileType = file.xib; name = Base; path = Base.lproj/LaunchScreen.xib; sourceTree = "<group>"; };
		40687E5D1A98E021005673D1 /* ThreeActionsTests.xctest */ = {isa = PBXFileReference; explicitFileType = wrapper.cfbundle; includeInIndex = 0; path = ThreeActionsTests.xctest; sourceTree = BUILT_PRODUCTS_DIR; };
		40687E621A98E021005673D1 /* Info.plist */ = {isa = PBXFileReference; lastKnownFileType = text.plist.xml; path = Info.plist; sourceTree = "<group>"; };
		40687E631A98E021005673D1 /* ThreeActionsTests.swift */ = {isa = PBXFileReference; lastKnownFileType = sourcecode.swift; path = ThreeActionsTests.swift; sourceTree = "<group>"; };
		40687E6D1A98E06D005673D1 /* ThreeActions-Bridging-Header.h */ = {isa = PBXFileReference; lastKnownFileType = sourcecode.c.h; path = "ThreeActions-Bridging-Header.h"; sourceTree = "<group>"; };
		40687E6E1A98E06D005673D1 /* ParseReq.m */ = {isa = PBXFileReference; fileEncoding = 4; lastKnownFileType = sourcecode.c.objc; path = ParseReq.m; sourceTree = "<group>"; };
		40687E711A98E2FA005673D1 /* Bolts.framework */ = {isa = PBXFileReference; lastKnownFileType = wrapper.framework; path = Bolts.framework; sourceTree = "<group>"; };
		40687E721A98E2FA005673D1 /* Parse.framework */ = {isa = PBXFileReference; lastKnownFileType = wrapper.framework; path = Parse.framework; sourceTree = "<group>"; };
		40687E731A98E2FA005673D1 /* ParseCrashReporting.framework */ = {isa = PBXFileReference; lastKnownFileType = wrapper.framework; path = ParseCrashReporting.framework; sourceTree = "<group>"; };
		40687E741A98E2FA005673D1 /* ParseFacebookUtils.framework */ = {isa = PBXFileReference; lastKnownFileType = wrapper.framework; path = ParseFacebookUtils.framework; sourceTree = "<group>"; };
		40687E751A98E2FA005673D1 /* ParseUI.framework */ = {isa = PBXFileReference; lastKnownFileType = wrapper.framework; path = ParseUI.framework; sourceTree = "<group>"; };
		40687E7B1A98E34D005673D1 /* AudioToolbox.framework */ = {isa = PBXFileReference; lastKnownFileType = wrapper.framework; name = AudioToolbox.framework; path = System/Library/Frameworks/AudioToolbox.framework; sourceTree = SDKROOT; };
		40687E7D1A98E354005673D1 /* CFNetwork.framework */ = {isa = PBXFileReference; lastKnownFileType = wrapper.framework; name = CFNetwork.framework; path = System/Library/Frameworks/CFNetwork.framework; sourceTree = SDKROOT; };
		40687E7F1A98E35E005673D1 /* CoreGraphics.framework */ = {isa = PBXFileReference; lastKnownFileType = wrapper.framework; name = CoreGraphics.framework; path = System/Library/Frameworks/CoreGraphics.framework; sourceTree = SDKROOT; };
		40687E811A98E362005673D1 /* CoreLocation.framework */ = {isa = PBXFileReference; lastKnownFileType = wrapper.framework; name = CoreLocation.framework; path = System/Library/Frameworks/CoreLocation.framework; sourceTree = SDKROOT; };
		40687E831A98E36C005673D1 /* MobileCoreServices.framework */ = {isa = PBXFileReference; lastKnownFileType = wrapper.framework; name = MobileCoreServices.framework; path = System/Library/Frameworks/MobileCoreServices.framework; sourceTree = SDKROOT; };
		40687E851A98E372005673D1 /* QuartzCore.framework */ = {isa = PBXFileReference; lastKnownFileType = wrapper.framework; name = QuartzCore.framework; path = System/Library/Frameworks/QuartzCore.framework; sourceTree = SDKROOT; };
		40687E871A98E37C005673D1 /* Security.framework */ = {isa = PBXFileReference; lastKnownFileType = wrapper.framework; name = Security.framework; path = System/Library/Frameworks/Security.framework; sourceTree = SDKROOT; };
		40687E891A98E381005673D1 /* StoreKit.framework */ = {isa = PBXFileReference; lastKnownFileType = wrapper.framework; name = StoreKit.framework; path = System/Library/Frameworks/StoreKit.framework; sourceTree = SDKROOT; };
		40687E8B1A98E38F005673D1 /* SystemConfiguration.framework */ = {isa = PBXFileReference; lastKnownFileType = wrapper.framework; name = SystemConfiguration.framework; path = System/Library/Frameworks/SystemConfiguration.framework; sourceTree = SDKROOT; };
		40687E8D1A98E397005673D1 /* libz.dylib */ = {isa = PBXFileReference; lastKnownFileType = "compiled.mach-o.dylib"; name = libz.dylib; path = usr/lib/libz.dylib; sourceTree = SDKROOT; };
		40687E8F1A98E3A5005673D1 /* libsqlite3.dylib */ = {isa = PBXFileReference; lastKnownFileType = "compiled.mach-o.dylib"; name = libsqlite3.dylib; path = usr/lib/libsqlite3.dylib; sourceTree = SDKROOT; };
		40687E911A98E7B7005673D1 /* ResponseDictionary.swift */ = {isa = PBXFileReference; fileEncoding = 4; lastKnownFileType = sourcecode.swift; path = ResponseDictionary.swift; sourceTree = "<group>"; };
		40827F8F1ABD020E00118EC8 /* SingleActionViewController.swift */ = {isa = PBXFileReference; fileEncoding = 4; lastKnownFileType = sourcecode.swift; path = SingleActionViewController.swift; sourceTree = "<group>"; };
		4085A63D1AA15EDF00B59E99 /* ActionsTodayViewController.swift */ = {isa = PBXFileReference; fileEncoding = 4; lastKnownFileType = sourcecode.swift; path = ActionsTodayViewController.swift; sourceTree = "<group>"; };
		4085A63F1AA170D700B59E99 /* ExternalAnimations.swift */ = {isa = PBXFileReference; fileEncoding = 4; lastKnownFileType = sourcecode.swift; path = ExternalAnimations.swift; sourceTree = "<group>"; };
		4085A6411AA2350600B59E99 /* UserData.swift */ = {isa = PBXFileReference; fileEncoding = 4; lastKnownFileType = sourcecode.swift; path = UserData.swift; sourceTree = "<group>"; };
		4085A6751AA2948A00B59E99 /* AddActionViewController.swift */ = {isa = PBXFileReference; fileEncoding = 4; lastKnownFileType = sourcecode.swift; path = AddActionViewController.swift; sourceTree = "<group>"; };
		4085A6771AA2A18600B59E99 /* NetworkViewController.swift */ = {isa = PBXFileReference; fileEncoding = 4; lastKnownFileType = sourcecode.swift; path = NetworkViewController.swift; sourceTree = "<group>"; };
		40AE077B1AB7D75B008FAAB7 /* Snap.xcodeproj */ = {isa = PBXFileReference; lastKnownFileType = "wrapper.pb-project"; name = Snap.xcodeproj; path = ../../../../Dropbox/Dev/ThreeActions/Snap/Snap.xcodeproj; sourceTree = "<group>"; };
		40B88BC81A991297008F7B5B /* Colors.swift */ = {isa = PBXFileReference; fileEncoding = 4; lastKnownFileType = sourcecode.swift; path = Colors.swift; sourceTree = "<group>"; };
		40B88BCC1A9976C7008F7B5B /* CreateAccountViewController.swift */ = {isa = PBXFileReference; fileEncoding = 4; lastKnownFileType = sourcecode.swift; path = CreateAccountViewController.swift; sourceTree = "<group>"; };
		40B88BCE1A997CEF008F7B5B /* UIExtentions.swift */ = {isa = PBXFileReference; fileEncoding = 4; lastKnownFileType = sourcecode.swift; path = UIExtentions.swift; sourceTree = "<group>"; };
		40B88BD01A998917008F7B5B /* LoginAccountViewController.swift */ = {isa = PBXFileReference; fileEncoding = 4; lastKnownFileType = sourcecode.swift; path = LoginAccountViewController.swift; sourceTree = "<group>"; };
		40BD43EE1AB7B7EF0048A170 /* Align.swift */ = {isa = PBXFileReference; fileEncoding = 4; lastKnownFileType = sourcecode.swift; path = Align.swift; sourceTree = "<group>"; };
		40BD43EF1AB7B7EF0048A170 /* Cartography.h */ = {isa = PBXFileReference; fileEncoding = 4; lastKnownFileType = sourcecode.c.h; path = Cartography.h; sourceTree = "<group>"; };
		40BD43F01AB7B7EF0048A170 /* Coefficients.swift */ = {isa = PBXFileReference; fileEncoding = 4; lastKnownFileType = sourcecode.swift; path = Coefficients.swift; sourceTree = "<group>"; };
		40BD43F11AB7B7EF0048A170 /* Compound.swift */ = {isa = PBXFileReference; fileEncoding = 4; lastKnownFileType = sourcecode.swift; path = Compound.swift; sourceTree = "<group>"; };
		40BD43F21AB7B7EF0048A170 /* Constraint.swift */ = {isa = PBXFileReference; fileEncoding = 4; lastKnownFileType = sourcecode.swift; path = Constraint.swift; sourceTree = "<group>"; };
		40BD43F31AB7B7EF0048A170 /* ConstraintGroup.swift */ = {isa = PBXFileReference; fileEncoding = 4; lastKnownFileType = sourcecode.swift; path = ConstraintGroup.swift; sourceTree = "<group>"; };
		40BD43F41AB7B7EF0048A170 /* Context.swift */ = {isa = PBXFileReference; fileEncoding = 4; lastKnownFileType = sourcecode.swift; path = Context.swift; sourceTree = "<group>"; };
		40BD43F51AB7B7EF0048A170 /* Dimension.swift */ = {isa = PBXFileReference; fileEncoding = 4; lastKnownFileType = sourcecode.swift; path = Dimension.swift; sourceTree = "<group>"; };
		40BD43F61AB7B7EF0048A170 /* Distribute.swift */ = {isa = PBXFileReference; fileEncoding = 4; lastKnownFileType = sourcecode.swift; path = Distribute.swift; sourceTree = "<group>"; };
		40BD43F71AB7B7EF0048A170 /* Edge.swift */ = {isa = PBXFileReference; fileEncoding = 4; lastKnownFileType = sourcecode.swift; path = Edge.swift; sourceTree = "<group>"; };
		40BD43F81AB7B7EF0048A170 /* Edges.swift */ = {isa = PBXFileReference; fileEncoding = 4; lastKnownFileType = sourcecode.swift; path = Edges.swift; sourceTree = "<group>"; };
		40BD43F91AB7B7EF0048A170 /* Expression.swift */ = {isa = PBXFileReference; fileEncoding = 4; lastKnownFileType = sourcecode.swift; path = Expression.swift; sourceTree = "<group>"; };
		40BD43FA1AB7B7EF0048A170 /* Extensions.swift */ = {isa = PBXFileReference; fileEncoding = 4; lastKnownFileType = sourcecode.swift; path = Extensions.swift; sourceTree = "<group>"; };
		40BD43FB1AB7B7EF0048A170 /* Info.plist */ = {isa = PBXFileReference; fileEncoding = 4; lastKnownFileType = text.plist.xml; path = Info.plist; sourceTree = "<group>"; };
		40BD43FC1AB7B7EF0048A170 /* Layout.swift */ = {isa = PBXFileReference; fileEncoding = 4; lastKnownFileType = sourcecode.swift; path = Layout.swift; sourceTree = "<group>"; };
		40BD43FD1AB7B7EF0048A170 /* LayoutProxy.swift */ = {isa = PBXFileReference; fileEncoding = 4; lastKnownFileType = sourcecode.swift; path = LayoutProxy.swift; sourceTree = "<group>"; };
		40BD43FE1AB7B7EF0048A170 /* Point.swift */ = {isa = PBXFileReference; fileEncoding = 4; lastKnownFileType = sourcecode.swift; path = Point.swift; sourceTree = "<group>"; };
		40BD43FF1AB7B7EF0048A170 /* Priority.swift */ = {isa = PBXFileReference; fileEncoding = 4; lastKnownFileType = sourcecode.swift; path = Priority.swift; sourceTree = "<group>"; };
		40BD44001AB7B7EF0048A170 /* Property.swift */ = {isa = PBXFileReference; fileEncoding = 4; lastKnownFileType = sourcecode.swift; path = Property.swift; sourceTree = "<group>"; };
		40BD44011AB7B7EF0048A170 /* Size.swift */ = {isa = PBXFileReference; fileEncoding = 4; lastKnownFileType = sourcecode.swift; path = Size.swift; sourceTree = "<group>"; };
		40BD44021AB7B7EF0048A170 /* View.swift */ = {isa = PBXFileReference; fileEncoding = 4; lastKnownFileType = sourcecode.swift; path = View.swift; sourceTree = "<group>"; };
		40BD44031AB7B7EF0048A170 /* ViewUtils.swift */ = {isa = PBXFileReference; fileEncoding = 4; lastKnownFileType = sourcecode.swift; path = ViewUtils.swift; sourceTree = "<group>"; };
		40C89F4C1A9C1FD3008F0601 /* ThreeActionsViewController.swift */ = {isa = PBXFileReference; fileEncoding = 4; lastKnownFileType = sourcecode.swift; path = ThreeActionsViewController.swift; sourceTree = "<group>"; };
		40C89F4F1A9C2A92008F0601 /* Base */ = {isa = PBXFileReference; lastKnownFileType = file.storyboard; name = Base; path = Base.lproj/Main.storyboard; sourceTree = "<group>"; };
/* End PBXFileReference section */

/* Begin PBXFrameworksBuildPhase section */
		40687E451A98E021005673D1 /* Frameworks */ = {
			isa = PBXFrameworksBuildPhase;
			buildActionMask = 2147483647;
			files = (
				40687E901A98E3A5005673D1 /* libsqlite3.dylib in Frameworks */,
				40687E8E1A98E397005673D1 /* libz.dylib in Frameworks */,
				40687E8C1A98E38F005673D1 /* SystemConfiguration.framework in Frameworks */,
				40AE07841AB7D797008FAAB7 /* Snap.framework in Frameworks */,
				40687E8A1A98E381005673D1 /* StoreKit.framework in Frameworks */,
				40687E881A98E37C005673D1 /* Security.framework in Frameworks */,
				40687E861A98E372005673D1 /* QuartzCore.framework in Frameworks */,
				40687E841A98E36C005673D1 /* MobileCoreServices.framework in Frameworks */,
				40687E821A98E362005673D1 /* CoreLocation.framework in Frameworks */,
				40687E801A98E35E005673D1 /* CoreGraphics.framework in Frameworks */,
				40687E7E1A98E354005673D1 /* CFNetwork.framework in Frameworks */,
				40687E7C1A98E34D005673D1 /* AudioToolbox.framework in Frameworks */,
				40687E771A98E2FA005673D1 /* Parse.framework in Frameworks */,
				40687E781A98E2FA005673D1 /* ParseCrashReporting.framework in Frameworks */,
				40687E7A1A98E2FA005673D1 /* ParseUI.framework in Frameworks */,
				40687E791A98E2FA005673D1 /* ParseFacebookUtils.framework in Frameworks */,
				40687E761A98E2FA005673D1 /* Bolts.framework in Frameworks */,
			);
			runOnlyForDeploymentPostprocessing = 0;
		};
		40687E5A1A98E021005673D1 /* Frameworks */ = {
			isa = PBXFrameworksBuildPhase;
			buildActionMask = 2147483647;
			files = (
			);
			runOnlyForDeploymentPostprocessing = 0;
		};
/* End PBXFrameworksBuildPhase section */

/* Begin PBXGroup section */
		40687E3F1A98E021005673D1 = {
			isa = PBXGroup;
			children = (
				40AE077B1AB7D75B008FAAB7 /* Snap.xcodeproj */,
				40687E8F1A98E3A5005673D1 /* libsqlite3.dylib */,
				40687E8D1A98E397005673D1 /* libz.dylib */,
				40687E8B1A98E38F005673D1 /* SystemConfiguration.framework */,
				40687E891A98E381005673D1 /* StoreKit.framework */,
				40687E871A98E37C005673D1 /* Security.framework */,
				40687E851A98E372005673D1 /* QuartzCore.framework */,
				40687E831A98E36C005673D1 /* MobileCoreServices.framework */,
				40687E811A98E362005673D1 /* CoreLocation.framework */,
				40687E7F1A98E35E005673D1 /* CoreGraphics.framework */,
				40687E7D1A98E354005673D1 /* CFNetwork.framework */,
				40687E7B1A98E34D005673D1 /* AudioToolbox.framework */,
				40687E4A1A98E021005673D1 /* ThreeActions */,
				40687E601A98E021005673D1 /* ThreeActionsTests */,
				40687E491A98E021005673D1 /* Products */,
				40687E701A98E2FA005673D1 /* parse-library-1 */,
			);
			sourceTree = "<group>";
		};
		40687E491A98E021005673D1 /* Products */ = {
			isa = PBXGroup;
			children = (
				40687E481A98E021005673D1 /* ThreeActions.app */,
				40687E5D1A98E021005673D1 /* ThreeActionsTests.xctest */,
			);
			name = Products;
			sourceTree = "<group>";
		};
		40687E4A1A98E021005673D1 /* ThreeActions */ = {
			isa = PBXGroup;
			children = (
				40BD43ED1AB7B7EF0048A170 /* Cartography */,
				40687E4D1A98E021005673D1 /* AppDelegate.swift */,
				40687E4F1A98E021005673D1 /* ViewController.swift */,
				40B88BCC1A9976C7008F7B5B /* CreateAccountViewController.swift */,
				40C89F4C1A9C1FD3008F0601 /* ThreeActionsViewController.swift */,
				4085A6751AA2948A00B59E99 /* AddActionViewController.swift */,
				4085A63D1AA15EDF00B59E99 /* ActionsTodayViewController.swift */,
				40827F8F1ABD020E00118EC8 /* SingleActionViewController.swift */,
				40C89F4E1A9C2A92008F0601 /* Main.storyboard */,
				4085A6771AA2A18600B59E99 /* NetworkViewController.swift */,
				4085A6411AA2350600B59E99 /* UserData.swift */,
				401201291AAB6A5200AFC69A /* TAUserData.swift */,
				40B88BD01A998917008F7B5B /* LoginAccountViewController.swift */,
				40687E911A98E7B7005673D1 /* ResponseDictionary.swift */,
				40B88BC81A991297008F7B5B /* Colors.swift */,
				40B88BCE1A997CEF008F7B5B /* UIExtentions.swift */,
				4085A63F1AA170D700B59E99 /* ExternalAnimations.swift */,
				40687E541A98E021005673D1 /* Images.xcassets */,
				40687E561A98E021005673D1 /* LaunchScreen.xib */,
				40687E4B1A98E021005673D1 /* Supporting Files */,
				40687E6E1A98E06D005673D1 /* ParseReq.m */,
				40687E6D1A98E06D005673D1 /* ThreeActions-Bridging-Header.h */,
			);
			path = ThreeActions;
			sourceTree = "<group>";
		};
		40687E4B1A98E021005673D1 /* Supporting Files */ = {
			isa = PBXGroup;
			children = (
				40687E4C1A98E021005673D1 /* Info.plist */,
			);
			name = "Supporting Files";
			sourceTree = "<group>";
		};
		40687E601A98E021005673D1 /* ThreeActionsTests */ = {
			isa = PBXGroup;
			children = (
				40687E631A98E021005673D1 /* ThreeActionsTests.swift */,
				40687E611A98E021005673D1 /* Supporting Files */,
			);
			path = ThreeActionsTests;
			sourceTree = "<group>";
		};
		40687E611A98E021005673D1 /* Supporting Files */ = {
			isa = PBXGroup;
			children = (
				40687E621A98E021005673D1 /* Info.plist */,
			);
			name = "Supporting Files";
			sourceTree = "<group>";
		};
		40687E701A98E2FA005673D1 /* parse-library-1 */ = {
			isa = PBXGroup;
			children = (
				40687E711A98E2FA005673D1 /* Bolts.framework */,
				40687E721A98E2FA005673D1 /* Parse.framework */,
				40687E731A98E2FA005673D1 /* ParseCrashReporting.framework */,
				40687E741A98E2FA005673D1 /* ParseFacebookUtils.framework */,
				40687E751A98E2FA005673D1 /* ParseUI.framework */,
			);
			path = "parse-library-1";
			sourceTree = "<group>";
		};
		40AE077C1AB7D75B008FAAB7 /* Products */ = {
			isa = PBXGroup;
			children = (
				40AE07811AB7D75B008FAAB7 /* Snap.framework */,
				40AE07831AB7D75B008FAAB7 /* SnapTests.xctest */,
			);
			name = Products;
			sourceTree = "<group>";
		};
		40BD43ED1AB7B7EF0048A170 /* Cartography */ = {
			isa = PBXGroup;
			children = (
				40BD43EE1AB7B7EF0048A170 /* Align.swift */,
				40BD43EF1AB7B7EF0048A170 /* Cartography.h */,
				40BD43F01AB7B7EF0048A170 /* Coefficients.swift */,
				40BD43F11AB7B7EF0048A170 /* Compound.swift */,
				40BD43F21AB7B7EF0048A170 /* Constraint.swift */,
				40BD43F31AB7B7EF0048A170 /* ConstraintGroup.swift */,
				40BD43F41AB7B7EF0048A170 /* Context.swift */,
				40BD43F51AB7B7EF0048A170 /* Dimension.swift */,
				40BD43F61AB7B7EF0048A170 /* Distribute.swift */,
				40BD43F71AB7B7EF0048A170 /* Edge.swift */,
				40BD43F81AB7B7EF0048A170 /* Edges.swift */,
				40BD43F91AB7B7EF0048A170 /* Expression.swift */,
				40BD43FA1AB7B7EF0048A170 /* Extensions.swift */,
				40BD43FB1AB7B7EF0048A170 /* Info.plist */,
				40BD43FC1AB7B7EF0048A170 /* Layout.swift */,
				40BD43FD1AB7B7EF0048A170 /* LayoutProxy.swift */,
				40BD43FE1AB7B7EF0048A170 /* Point.swift */,
				40BD43FF1AB7B7EF0048A170 /* Priority.swift */,
				40BD44001AB7B7EF0048A170 /* Property.swift */,
				40BD44011AB7B7EF0048A170 /* Size.swift */,
				40BD44021AB7B7EF0048A170 /* View.swift */,
				40BD44031AB7B7EF0048A170 /* ViewUtils.swift */,
			);
			path = Cartography;
			sourceTree = "<group>";
		};
/* End PBXGroup section */

/* Begin PBXNativeTarget section */
		40687E471A98E021005673D1 /* ThreeActions */ = {
			isa = PBXNativeTarget;
			buildConfigurationList = 40687E671A98E021005673D1 /* Build configuration list for PBXNativeTarget "ThreeActions" */;
			buildPhases = (
				40687E441A98E021005673D1 /* Sources */,
				40687E451A98E021005673D1 /* Frameworks */,
				40687E461A98E021005673D1 /* Resources */,
				40AE07881AB7D797008FAAB7 /* Embed Frameworks */,
			);
			buildRules = (
			);
			dependencies = (
				40AE07871AB7D797008FAAB7 /* PBXTargetDependency */,
			);
			name = ThreeActions;
			productName = ThreeActions;
			productReference = 40687E481A98E021005673D1 /* ThreeActions.app */;
			productType = "com.apple.product-type.application";
		};
		40687E5C1A98E021005673D1 /* ThreeActionsTests */ = {
			isa = PBXNativeTarget;
			buildConfigurationList = 40687E6A1A98E021005673D1 /* Build configuration list for PBXNativeTarget "ThreeActionsTests" */;
			buildPhases = (
				40687E591A98E021005673D1 /* Sources */,
				40687E5A1A98E021005673D1 /* Frameworks */,
				40687E5B1A98E021005673D1 /* Resources */,
			);
			buildRules = (
			);
			dependencies = (
				40687E5F1A98E021005673D1 /* PBXTargetDependency */,
			);
			name = ThreeActionsTests;
			productName = ThreeActionsTests;
			productReference = 40687E5D1A98E021005673D1 /* ThreeActionsTests.xctest */;
			productType = "com.apple.product-type.bundle.unit-test";
		};
/* End PBXNativeTarget section */

/* Begin PBXProject section */
		40687E401A98E021005673D1 /* Project object */ = {
			isa = PBXProject;
			attributes = {
				LastUpgradeCheck = 0610;
				ORGANIZATIONNAME = "Revolvity LLC";
				TargetAttributes = {
					40687E471A98E021005673D1 = {
						CreatedOnToolsVersion = 6.1.1;
					};
					40687E5C1A98E021005673D1 = {
						CreatedOnToolsVersion = 6.1.1;
						TestTargetID = 40687E471A98E021005673D1;
					};
				};
			};
			buildConfigurationList = 40687E431A98E021005673D1 /* Build configuration list for PBXProject "ThreeActions" */;
			compatibilityVersion = "Xcode 3.2";
			developmentRegion = English;
			hasScannedForEncodings = 0;
			knownRegions = (
				en,
				Base,
			);
			mainGroup = 40687E3F1A98E021005673D1;
			productRefGroup = 40687E491A98E021005673D1 /* Products */;
			projectDirPath = "";
			projectReferences = (
				{
					ProductGroup = 40AE077C1AB7D75B008FAAB7 /* Products */;
					ProjectRef = 40AE077B1AB7D75B008FAAB7 /* Snap.xcodeproj */;
				},
			);
			projectRoot = "";
			targets = (
				40687E471A98E021005673D1 /* ThreeActions */,
				40687E5C1A98E021005673D1 /* ThreeActionsTests */,
			);
		};
/* End PBXProject section */

/* Begin PBXReferenceProxy section */
		40AE07811AB7D75B008FAAB7 /* Snap.framework */ = {
			isa = PBXReferenceProxy;
			fileType = wrapper.framework;
			path = Snap.framework;
			remoteRef = 40AE07801AB7D75B008FAAB7 /* PBXContainerItemProxy */;
			sourceTree = BUILT_PRODUCTS_DIR;
		};
		40AE07831AB7D75B008FAAB7 /* SnapTests.xctest */ = {
			isa = PBXReferenceProxy;
			fileType = wrapper.cfbundle;
			path = SnapTests.xctest;
			remoteRef = 40AE07821AB7D75B008FAAB7 /* PBXContainerItemProxy */;
			sourceTree = BUILT_PRODUCTS_DIR;
		};
/* End PBXReferenceProxy section */

/* Begin PBXResourcesBuildPhase section */
		40687E461A98E021005673D1 /* Resources */ = {
			isa = PBXResourcesBuildPhase;
			buildActionMask = 2147483647;
			files = (
				40BD44101AB7B7EF0048A170 /* Info.plist in Resources */,
				40C89F501A9C2A92008F0601 /* Main.storyboard in Resources */,
				40687E581A98E021005673D1 /* LaunchScreen.xib in Resources */,
				40687E551A98E021005673D1 /* Images.xcassets in Resources */,
			);
			runOnlyForDeploymentPostprocessing = 0;
		};
		40687E5B1A98E021005673D1 /* Resources */ = {
			isa = PBXResourcesBuildPhase;
			buildActionMask = 2147483647;
			files = (
			);
			runOnlyForDeploymentPostprocessing = 0;
		};
/* End PBXResourcesBuildPhase section */

/* Begin PBXSourcesBuildPhase section */
		40687E441A98E021005673D1 /* Sources */ = {
			isa = PBXSourcesBuildPhase;
			buildActionMask = 2147483647;
			files = (
				4085A6401AA170D700B59E99 /* ExternalAnimations.swift in Sources */,
				40BD44121AB7B7EF0048A170 /* LayoutProxy.swift in Sources */,
				40BD440F1AB7B7EF0048A170 /* Extensions.swift in Sources */,
				40BD44041AB7B7EF0048A170 /* Align.swift in Sources */,
				40BD44171AB7B7EF0048A170 /* View.swift in Sources */,
				40BD440C1AB7B7EF0048A170 /* Edge.swift in Sources */,
				4085A6761AA2948A00B59E99 /* AddActionViewController.swift in Sources */,
				40BD440B1AB7B7EF0048A170 /* Distribute.swift in Sources */,
				40827F901ABD020E00118EC8 /* SingleActionViewController.swift in Sources */,
				40BD44091AB7B7EF0048A170 /* Context.swift in Sources */,
				40B88BD11A998917008F7B5B /* LoginAccountViewController.swift in Sources */,
				40BD44061AB7B7EF0048A170 /* Compound.swift in Sources */,
				40B88BCD1A9976C7008F7B5B /* CreateAccountViewController.swift in Sources */,
				40687E921A98E7B7005673D1 /* ResponseDictionary.swift in Sources */,
				40BD44141AB7B7EF0048A170 /* Priority.swift in Sources */,
				40BD440D1AB7B7EF0048A170 /* Edges.swift in Sources */,
				40BD44151AB7B7EF0048A170 /* Property.swift in Sources */,
				4085A6781AA2A18600B59E99 /* NetworkViewController.swift in Sources */,
				40B88BC91A991297008F7B5B /* Colors.swift in Sources */,
				40BD440E1AB7B7EF0048A170 /* Expression.swift in Sources */,
				40687E501A98E021005673D1 /* ViewController.swift in Sources */,
				40BD44081AB7B7EF0048A170 /* ConstraintGroup.swift in Sources */,
				40BD44181AB7B7EF0048A170 /* ViewUtils.swift in Sources */,
				4085A6421AA2350600B59E99 /* UserData.swift in Sources */,
				40687E4E1A98E021005673D1 /* AppDelegate.swift in Sources */,
				40BD44161AB7B7EF0048A170 /* Size.swift in Sources */,
				4012012A1AAB6A5200AFC69A /* TAUserData.swift in Sources */,
				4085A63E1AA15EDF00B59E99 /* ActionsTodayViewController.swift in Sources */,
				40C89F4D1A9C1FD3008F0601 /* ThreeActionsViewController.swift in Sources */,
				40BD44051AB7B7EF0048A170 /* Coefficients.swift in Sources */,
				40B88BCF1A997CEF008F7B5B /* UIExtentions.swift in Sources */,
				40BD44071AB7B7EF0048A170 /* Constraint.swift in Sources */,
				40BD44131AB7B7EF0048A170 /* Point.swift in Sources */,
				40BD44111AB7B7EF0048A170 /* Layout.swift in Sources */,
				40BD440A1AB7B7EF0048A170 /* Dimension.swift in Sources */,
				40687E6F1A98E06D005673D1 /* ParseReq.m in Sources */,
			);
			runOnlyForDeploymentPostprocessing = 0;
		};
		40687E591A98E021005673D1 /* Sources */ = {
			isa = PBXSourcesBuildPhase;
			buildActionMask = 2147483647;
			files = (
				40687E641A98E021005673D1 /* ThreeActionsTests.swift in Sources */,
			);
			runOnlyForDeploymentPostprocessing = 0;
		};
/* End PBXSourcesBuildPhase section */

/* Begin PBXTargetDependency section */
		40687E5F1A98E021005673D1 /* PBXTargetDependency */ = {
			isa = PBXTargetDependency;
			target = 40687E471A98E021005673D1 /* ThreeActions */;
			targetProxy = 40687E5E1A98E021005673D1 /* PBXContainerItemProxy */;
		};
		40AE07871AB7D797008FAAB7 /* PBXTargetDependency */ = {
			isa = PBXTargetDependency;
			name = Snap;
			targetProxy = 40AE07861AB7D797008FAAB7 /* PBXContainerItemProxy */;
		};
/* End PBXTargetDependency section */

/* Begin PBXVariantGroup section */
		40687E561A98E021005673D1 /* LaunchScreen.xib */ = {
			isa = PBXVariantGroup;
			children = (
				40687E571A98E021005673D1 /* Base */,
			);
			name = LaunchScreen.xib;
			sourceTree = "<group>";
		};
		40C89F4E1A9C2A92008F0601 /* Main.storyboard */ = {
			isa = PBXVariantGroup;
			children = (
				40C89F4F1A9C2A92008F0601 /* Base */,
			);
			name = Main.storyboard;
			sourceTree = "<group>";
		};
/* End PBXVariantGroup section */

/* Begin XCBuildConfiguration section */
		40687E651A98E021005673D1 /* Debug */ = {
			isa = XCBuildConfiguration;
			buildSettings = {
				ALWAYS_SEARCH_USER_PATHS = NO;
				CLANG_CXX_LANGUAGE_STANDARD = "gnu++0x";
				CLANG_CXX_LIBRARY = "libc++";
				CLANG_ENABLE_MODULES = YES;
				CLANG_ENABLE_OBJC_ARC = YES;
				CLANG_WARN_BOOL_CONVERSION = YES;
				CLANG_WARN_CONSTANT_CONVERSION = YES;
				CLANG_WARN_DIRECT_OBJC_ISA_USAGE = YES_ERROR;
				CLANG_WARN_EMPTY_BODY = YES;
				CLANG_WARN_ENUM_CONVERSION = YES;
				CLANG_WARN_INT_CONVERSION = YES;
				CLANG_WARN_OBJC_ROOT_CLASS = YES_ERROR;
				CLANG_WARN_UNREACHABLE_CODE = YES;
				CLANG_WARN__DUPLICATE_METHOD_MATCH = YES;
				"CODE_SIGN_IDENTITY[sdk=iphoneos*]" = "iPhone Developer";
				COPY_PHASE_STRIP = NO;
				ENABLE_STRICT_OBJC_MSGSEND = YES;
				GCC_C_LANGUAGE_STANDARD = gnu99;
				GCC_DYNAMIC_NO_PIC = NO;
				GCC_OPTIMIZATION_LEVEL = 0;
				GCC_PREPROCESSOR_DEFINITIONS = (
					"DEBUG=1",
					"$(inherited)",
				);
				GCC_SYMBOLS_PRIVATE_EXTERN = NO;
				GCC_WARN_64_TO_32_BIT_CONVERSION = YES;
				GCC_WARN_ABOUT_RETURN_TYPE = YES_ERROR;
				GCC_WARN_UNDECLARED_SELECTOR = YES;
				GCC_WARN_UNINITIALIZED_AUTOS = YES_AGGRESSIVE;
				GCC_WARN_UNUSED_FUNCTION = YES;
				GCC_WARN_UNUSED_VARIABLE = YES;
				IPHONEOS_DEPLOYMENT_TARGET = 8.1;
				MTL_ENABLE_DEBUG_INFO = YES;
				ONLY_ACTIVE_ARCH = YES;
				SDKROOT = iphoneos;
				SWIFT_OPTIMIZATION_LEVEL = "-Onone";
			};
			name = Debug;
		};
		40687E661A98E021005673D1 /* Release */ = {
			isa = XCBuildConfiguration;
			buildSettings = {
				ALWAYS_SEARCH_USER_PATHS = NO;
				CLANG_CXX_LANGUAGE_STANDARD = "gnu++0x";
				CLANG_CXX_LIBRARY = "libc++";
				CLANG_ENABLE_MODULES = YES;
				CLANG_ENABLE_OBJC_ARC = YES;
				CLANG_WARN_BOOL_CONVERSION = YES;
				CLANG_WARN_CONSTANT_CONVERSION = YES;
				CLANG_WARN_DIRECT_OBJC_ISA_USAGE = YES_ERROR;
				CLANG_WARN_EMPTY_BODY = YES;
				CLANG_WARN_ENUM_CONVERSION = YES;
				CLANG_WARN_INT_CONVERSION = YES;
				CLANG_WARN_OBJC_ROOT_CLASS = YES_ERROR;
				CLANG_WARN_UNREACHABLE_CODE = YES;
				CLANG_WARN__DUPLICATE_METHOD_MATCH = YES;
				"CODE_SIGN_IDENTITY[sdk=iphoneos*]" = "iPhone Developer";
				COPY_PHASE_STRIP = YES;
				ENABLE_NS_ASSERTIONS = NO;
				ENABLE_STRICT_OBJC_MSGSEND = YES;
				GCC_C_LANGUAGE_STANDARD = gnu99;
				GCC_WARN_64_TO_32_BIT_CONVERSION = YES;
				GCC_WARN_ABOUT_RETURN_TYPE = YES_ERROR;
				GCC_WARN_UNDECLARED_SELECTOR = YES;
				GCC_WARN_UNINITIALIZED_AUTOS = YES_AGGRESSIVE;
				GCC_WARN_UNUSED_FUNCTION = YES;
				GCC_WARN_UNUSED_VARIABLE = YES;
				IPHONEOS_DEPLOYMENT_TARGET = 8.1;
				MTL_ENABLE_DEBUG_INFO = NO;
				SDKROOT = iphoneos;
				VALIDATE_PRODUCT = YES;
			};
			name = Release;
		};
		40687E681A98E021005673D1 /* Debug */ = {
			isa = XCBuildConfiguration;
			buildSettings = {
				ASSETCATALOG_COMPILER_APPICON_NAME = AppIcon;
				CLANG_ENABLE_MODULES = YES;
				EMBEDDED_CONTENT_CONTAINS_SWIFT = YES;
				FRAMEWORK_SEARCH_PATHS = (
					"$(inherited)",
					"$(PROJECT_DIR)/parse-library-1",
				);
				INFOPLIST_FILE = ThreeActions/Info.plist;
				LD_RUNPATH_SEARCH_PATHS = "$(inherited) @executable_path/Frameworks";
				PRODUCT_NAME = "$(TARGET_NAME)";
				SWIFT_OBJC_BRIDGING_HEADER = "ThreeActions/ThreeActions-Bridging-Header.h";
				SWIFT_OPTIMIZATION_LEVEL = "-Onone";
			};
			name = Debug;
		};
		40687E691A98E021005673D1 /* Release */ = {
			isa = XCBuildConfiguration;
			buildSettings = {
				ASSETCATALOG_COMPILER_APPICON_NAME = AppIcon;
				CLANG_ENABLE_MODULES = YES;
				EMBEDDED_CONTENT_CONTAINS_SWIFT = YES;
				FRAMEWORK_SEARCH_PATHS = (
					"$(inherited)",
					"$(PROJECT_DIR)/parse-library-1",
				);
				INFOPLIST_FILE = ThreeActions/Info.plist;
				LD_RUNPATH_SEARCH_PATHS = "$(inherited) @executable_path/Frameworks";
				PRODUCT_NAME = "$(TARGET_NAME)";
				SWIFT_OBJC_BRIDGING_HEADER = "ThreeActions/ThreeActions-Bridging-Header.h";
			};
			name = Release;
		};
		40687E6B1A98E021005673D1 /* Debug */ = {
			isa = XCBuildConfiguration;
			buildSettings = {
				BUNDLE_LOADER = "$(TEST_HOST)";
				FRAMEWORK_SEARCH_PATHS = (
					"$(SDKROOT)/Developer/Library/Frameworks",
					"$(inherited)",
				);
				GCC_PREPROCESSOR_DEFINITIONS = (
					"DEBUG=1",
					"$(inherited)",
				);
				INFOPLIST_FILE = ThreeActionsTests/Info.plist;
				LD_RUNPATH_SEARCH_PATHS = "$(inherited) @executable_path/Frameworks @loader_path/Frameworks";
				PRODUCT_NAME = "$(TARGET_NAME)";
				TEST_HOST = "$(BUILT_PRODUCTS_DIR)/ThreeActions.app/ThreeActions";
			};
			name = Debug;
		};
		40687E6C1A98E021005673D1 /* Release */ = {
			isa = XCBuildConfiguration;
			buildSettings = {
				BUNDLE_LOADER = "$(TEST_HOST)";
				FRAMEWORK_SEARCH_PATHS = (
					"$(SDKROOT)/Developer/Library/Frameworks",
					"$(inherited)",
				);
				INFOPLIST_FILE = ThreeActionsTests/Info.plist;
				LD_RUNPATH_SEARCH_PATHS = "$(inherited) @executable_path/Frameworks @loader_path/Frameworks";
				PRODUCT_NAME = "$(TARGET_NAME)";
				TEST_HOST = "$(BUILT_PRODUCTS_DIR)/ThreeActions.app/ThreeActions";
			};
			name = Release;
		};
/* End XCBuildConfiguration section */

/* Begin XCConfigurationList section */
		40687E431A98E021005673D1 /* Build configuration list for PBXProject "ThreeActions" */ = {
			isa = XCConfigurationList;
			buildConfigurations = (
				40687E651A98E021005673D1 /* Debug */,
				40687E661A98E021005673D1 /* Release */,
			);
			defaultConfigurationIsVisible = 0;
			defaultConfigurationName = Release;
		};
		40687E671A98E021005673D1 /* Build configuration list for PBXNativeTarget "ThreeActions" */ = {
			isa = XCConfigurationList;
			buildConfigurations = (
				40687E681A98E021005673D1 /* Debug */,
				40687E691A98E021005673D1 /* Release */,
			);
			defaultConfigurationIsVisible = 0;
			defaultConfigurationName = Release;
		};
		40687E6A1A98E021005673D1 /* Build configuration list for PBXNativeTarget "ThreeActionsTests" */ = {
			isa = XCConfigurationList;
			buildConfigurations = (
				40687E6B1A98E021005673D1 /* Debug */,
				40687E6C1A98E021005673D1 /* Release */,
			);
			defaultConfigurationIsVisible = 0;
			defaultConfigurationName = Release;
		};
/* End XCConfigurationList section */
	};
	rootObject = 40687E401A98E021005673D1 /* Project object */;
}
